
Microsoft Visual Studio Solution File, Format Version 12.00
# Visual Studio Version 16
VisualStudioVersion = 16.0.29215.179
MinimumVisualStudioVersion = 10.0.40219.1
Project("{FAE04EC0-301F-11D3-BF4B-00C04F79EFBC}") = "DNP2 Assignment2", "DNP2 Assignment2\DNP2 Assignment2.csproj", "{DA7B92AC-79EF-4B98-8FCB-486E3B99D2C6}"
EndProject
Global
	GlobalSection(SolutionConfigurationPlatforms) = preSolution
		Debug|Any CPU = Debug|Any CPU
		Release|Any CPU = Release|Any CPU
	EndGlobalSection
	GlobalSection(ProjectConfigurationPlatforms) = postSolution
		{DA7B92AC-79EF-4B98-8FCB-486E3B99D2C6}.Debug|Any CPU.ActiveCfg = Debug|Any CPU
		{DA7B92AC-79EF-4B98-8FCB-486E3B99D2C6}.Debug|Any CPU.Build.0 = Debug|Any CPU
		{DA7B92AC-79EF-4B98-8FCB-486E3B99D2C6}.Release|Any CPU.ActiveCfg = Release|Any CPU
		{DA7B92AC-79EF-4B98-8FCB-486E3B99D2C6}.Release|Any CPU.Build.0 = Release|Any CPU
	EndGlobalSection
	GlobalSection(SolutionProperties) = preSolution
		HideSolutionNode = FALSE
	EndGlobalSection
	GlobalSection(ExtensibilityGlobals) = postSolution
		SolutionGuid = {C6A8D92A-A5E0-42D5-8E5E-F773C0F13152}
	EndGlobalSection
EndGlobal
